lockfileVersion: '9.0'

settings:
  autoInstallPeers: true
  excludeLinksFromLockfile: false

importers:

  .:
    devDependencies:
      '@biomejs/biome':
        specifier: ^2.5.8
        version: 2.5.8
      jasmine:
        specifier: ^7.0.0
        version: 7.0.0

  packages/duration: {}

  packages/duration-formatter:
    dependencies:
      '@time-utils/duration':
        specifier: workspace:^1.1.0
        version: link:../duration

packages:

  '@biomejs/biome@2.5.8':
    resolution: {integrity: sha512-aeAeeJB9fSDc7Gq+2GqpQxA0qBj6gj1k2R6L1cYqGePKP/baIq1WX8y6B+D+nRsO5ViQL22K/8IwbqERW0q1nw==}
    engines: {node: '>=14.21.3'}
    hasBin: true

  '@biomejs/cli-darwin-arm64@2.5.8':
    resolution: {integrity: sha512-mk1QON9PHllvvLN5gU3f4rMxeh4syK5p9OvKyWH6/W8ueh04uaC8TUXXByhGufWf/y5mQc03ZLM45zU+cmqMjA==}
    engines: {node: '>=14.21.3'}
    cpu: [arm64]
    os: [darwin]

  '@biomejs/cli-darwin-x64@2.5.8':
    resolution: {integrity: sha512-bsGwFMBNyHPyiLSsQcZJxdoRrg1V4JL+d7wEsvUBczlP9U9lwM+7mzQHxI4o1mhBsTmdOBbAb6fHU3Z3snN45w==}
    engines: {node: '>=14.21.3'}
    cpu: [x64]
    os: [darwin]

  '@biomejs/cli-linux-arm64-musl@2.5.8':
    resolution: {integrity: sha512-VcJNbstduTHx83NGAdhp78/JOcP45BZHXL7yNsfI1uGzdUgegAz2s+mSoT7wK6PBNzLoqG0zDOXaz/RQYVtSiw==}
    engines: {node: '>=14.21.3'}
    cpu: [arm64]
    os: [linux]
    libc: [musl]

  '@biomejs/cli-linux-arm64@2.5.8':
    resolution: {integrity: sha512-XmFiA0WPYFC+uiUDC8WRFzAIH9bo7vwQLav38Uoq4ETC+T/+uBi0TsYGJECkugY3r8USl3jc+Ae2/irAF6F2lQ==}
    engines: {node: '>=14.21.3'}
    cpu: [arm64]
    os: [linux]
    libc: [glibc]

  '@biomejs/cli-linux-x64-musl@2.5.8':
    resolution: {integrity: sha512-kKmiyokeISRGq2FLwvr+TzsgBusfxaZ0FZNLcOYOpCK/78tRrEjeEBLvq3xLZMpqbANgJdRPI7vZX8ZL37u9/w==}
    engines: {node: '>=14.21.3'}
    cpu: [x64]
    os: [linux]
    libc: [musl]

  '@biomejs/cli-linux-x64@2.5.8':
    resolution: {integrity: sha512-S5wcm9OBDvLHodD4PUaN488hCpco9QD/9ZxuYJiw4euWtr/oQvLR72z2ixItH8Wd5BCm6FZaeb+YNvOoM1xHtQ==}
    engines: {node: '>=14.21.3'}
    cpu: [x64]
    os: [linux]
    libc: [glibc]

  '@biomejs/cli-win32-arm64@2.5.8':
    resolution: {integrity: sha512-nILH0mzm3Hi3iEdd7o7GpB8kBR/mSQwfQG/tyBqyNrY2GFtcgwfV9nV8xLmbtUpMNY/Oi0Ml1XgfR4flOdq+AA==}
    engines: {node: '>=14.21.3'}
    cpu: [arm64]
    os: [win32]

  '@biomejs/cli-win32-x64@2.5.8':
    resolution: {integrity: sha512-I2czzXTY61f3nFJxXoMDq80t7MivxDEnCjE+8sDKoFfcKMaoQdkqhIFQ3KyY0XLzeSpUBYeNAXgD+iOV/BU0VA==}
    engines: {node: '>=14.21.3'}
    cpu: [x64]
    os: [win32]

  '@jasminejs/reporters@1.1.0':
    resolution: {integrity: sha512-JIrlfaf9c6m0+GtBAgZdcFB6RIRbFBbXxZDZ0WOewq4cLIEcVKEe0RgI1FA77M39FNzeSMTAm+LK/kcQVIkfGQ==}

  balanced-match@4.0.4:
    resolution: {integrity: sha512-BLrgEcRTwX2o6gGxGOCNyMvGSp35YofuYzw9h1IMTRmKqttAZZVU67bdb9Pr2vUHA8+j3i2tJfjO6C6+4myGTA==}
    engines: {node: 18 || 20 || >=22}

  brace-expansion@5.0.9:
    resolution: {integrity: sha512-ScQ4IuvIEF1TMlP7Zt+vjJ//9zlPb2SDcxWxM3bk8s6t6GGdJ7KO1dCcTidOPJKePW30LE/2cT7wCyPho9/Wxg==}
    engines: {node: 20 || >=22}

  glob@13.0.6:
    resolution: {integrity: sha512-Wjlyrolmm8uDpm/ogGyXZXb1Z+Ca2B8NbJwqBVg0axK9GbBeoS7yGV6vjXnYdGm6X53iehEuxxbyiKp8QmN4Vw==}
    engines: {node: 18 || 20 || >=22}

  jasmine-core@7.0.2:
    resolution: {integrity: sha512-YMVijt84KPQQFm1db1AQAxTXfq0k3wU06OkepLViljURFqiRQ7EYYX2eUAshhUv9fA9t1E2N65GrdqvupA9VPQ==}

  jasmine@7.0.0:
    resolution: {integrity: sha512-rnjiyg1LAhFZMoyU8ei/Wqyvti5oCzFhW7ZtkD6o+CSx3LpU9aYurPrh5BKyX3coGvmdEVYPC2HYh1rrBvZoWg==}
    hasBin: true

  lru-cache@11.5.2:
    resolution: {integrity: sha512-4pfM1Ff0x50o0tQwb5ucw/RzNyD0/YJME6IVcStalZuMWxdt3sR3huStTtxz4PUmvZfRguvDejasvQ2kifR11g==}
    engines: {node: 20 || >=22}

  minimatch@10.2.6:
    resolution: {integrity: sha512-vpLQEs+VLCr1nU0BXS07maYoFwlDAH0gngQuuttxIwutDFEMHq2blX+8vpgxDdK3J1PwjCJiep77OitTZ4Ll1A==}
    engines: {node: 18 || 20 || >=22}

  minipass@7.1.3:
    resolution: {integrity: sha512-tEBHqDnIoM/1rXME1zgka9g6Q2lcoCkxHLuc7ODJ5BxbP5d4c2Z5cGgtXAku59200Cx7diuHTOYfSBD8n6mm8A==}
    engines: {node: '>=16 || 14 >=14.17'}

  path-scurry@2.0.2:
    resolution: {integrity: sha512-3O/iVVsJAPsOnpwWIeD+d6z/7PmqApyQePUtCndjatj/9I5LylHvt5qluFaBT3I5h3r1ejfR056c+FCv+NnNXg==}
    engines: {node: 18 || 20 || >=22}

snapshots:

  '@biomejs/biome@2.5.8':
    optionalDependencies:
      '@biomejs/cli-darwin-arm64': 2.5.8
      '@biomejs/cli-darwin-x64': 2.5.8
      '@biomejs/cli-linux-arm64': 2.5.8
      '@biomejs/cli-linux-arm64-musl': 2.5.8
      '@biomejs/cli-linux-x64': 2.5.8
      '@biomejs/cli-linux-x64-musl': 2.5.8
      '@biomejs/cli-win32-arm64': 2.5.8
      '@biomejs/cli-win32-x64': 2.5.8

  '@biomejs/cli-darwin-arm64@2.5.8':
    optional: true

  '@biomejs/cli-darwin-x64@2.5.8':
    optional: true

  '@biomejs/cli-linux-arm64-musl@2.5.8':
    optional: true

  '@biomejs/cli-linux-arm64@2.5.8':
    optional: true

  '@biomejs/cli-linux-x64-musl@2.5.8':
    optional: true

  '@biomejs/cli-linux-x64@2.5.8':
    optional: true

  '@biomejs/cli-win32-arm64@2.5.8':
    optional: true

  '@biomejs/cli-win32-x64@2.5.8':
    optional: true

  '@jasminejs/reporters@1.1.0': {}

  balanced-match@4.0.4: {}

  brace-expansion@5.0.9:
    dependencies:
      balanced-match: 4.0.4

  glob@13.0.6:
    dependencies:
      minimatch: 10.2.6
      minipass: 7.1.3
      path-scurry: 2.0.2

  jasmine-core@7.0.2: {}

  jasmine@7.0.0:
    dependencies:
      '@jasminejs/reporters': 1.1.0
      glob: 13.0.6
      jasmine-core: 7.0.2

  lru-cache@11.5.2: {}

  minimatch@10.2.6:
    dependencies:
      brace-expansion: 5.0.9

  minipass@7.1.3: {}

  path-scurry@2.0.2:
    dependencies:
      lru-cache: 11.5.2
      minipass: 7.1.3
